// !$*UTF8*$!
{
	archiveVersion = 1;
	classes = {
	};
	objectVersion = 45;
	objects = {

/* Begin PBXBuildFile section */
		190627351223669200CAD9D0 /* RepView.m in Sources */ = {isa = PBXBuildFile; fileRef = 190627331223669200CAD9D0 /* RepView.m */; };
		190627361223669200CAD9D0 /* RepView.xib in Resources */ = {isa = PBXBuildFile; fileRef = 190627341223669200CAD9D0 /* RepView.xib */; };
		1906274C1223691000CAD9D0 /* Search_HoR.m in Sources */ = {isa = PBXBuildFile; fileRef = 1906274A1223691000CAD9D0 /* Search_HoR.m */; };
		1906274D1223691000CAD9D0 /* Search_HoR.xib in Resources */ = {isa = PBXBuildFile; fileRef = 1906274B1223691000CAD9D0 /* Search_HoR.xib */; };
		190627581223693D00CAD9D0 /* Search_Senate.m in Sources */ = {isa = PBXBuildFile; fileRef = 190627561223693D00CAD9D0 /* Search_Senate.m */; };
		190627591223693D00CAD9D0 /* Search_Senate.xib in Resources */ = {isa = PBXBuildFile; fileRef = 190627571223693D00CAD9D0 /* Search_Senate.xib */; };
		1906275D1223695000CAD9D0 /* Search_Hansard.m in Sources */ = {isa = PBXBuildFile; fileRef = 1906275B1223695000CAD9D0 /* Search_Hansard.m */; };
		1906275E1223695000CAD9D0 /* Search_Hansard.xib in Resources */ = {isa = PBXBuildFile; fileRef = 1906275C1223695000CAD9D0 /* Search_Hansard.xib */; };
		190627611223697200CAD9D0 /* RepObject.m in Sources */ = {isa = PBXBuildFile; fileRef = 190627601223697200CAD9D0 /* RepObject.m */; };
		19308F04125DE61A00549559 /* icon.png in Resources */ = {isa = PBXBuildFile; fileRef = 19308F03125DE61A00549559 /* icon.png */; };
		19308F24125DEFDE00549559 /* oa.png in Resources */ = {isa = PBXBuildFile; fileRef = 19308F23125DEFDE00549559 /* oa.png */; };
		193CD85D125BDF5A002484D1 /* HansardObject.m in Sources */ = {isa = PBXBuildFile; fileRef = 193CD85C125BDF5A002484D1 /* HansardObject.m */; };
		19543478125198F900C89862 /* SenateServiceController.m in Sources */ = {isa = PBXBuildFile; fileRef = 19543477125198F900C89862 /* SenateServiceController.m */; };
		195C7DC6122CB4A200194292 /* MapKit.framework in Frameworks */ = {isa = PBXBuildFile; fileRef = 195C7DC5122CB4A200194292 /* MapKit.framework */; };
		19629F69122DE01A005E45E2 /* HansardView.m in Sources */ = {isa = PBXBuildFile; fileRef = 19629F67122DE01A005E45E2 /* HansardView.m */; };
		19629F6A122DE01A005E45E2 /* HansardView.xib in Resources */ = {isa = PBXBuildFile; fileRef = 19629F68122DE01A005E45E2 /* HansardView.xib */; };
		19629F81122DE3F3005E45E2 /* HansardServiceController.m in Sources */ = {isa = PBXBuildFile; fileRef = 19629F80122DE3F3005E45E2 /* HansardServiceController.m */; };
		1970957E1252B8B000EA055B /* CoreData.framework in Frameworks */ = {isa = PBXBuildFile; fileRef = 1970957D1252B8B000EA055B /* CoreData.framework */; };
		197095BE1252BCE700EA055B /* openaustralia.xcdatamodel in Sources */ = {isa = PBXBuildFile; fileRef = 197095BD1252BCE700EA055B /* openaustralia.xcdatamodel */; };
		197095C31252D2CF00EA055B /* WebView.m in Sources */ = {isa = PBXBuildFile; fileRef = 197095C11252D2CF00EA055B /* WebView.m */; };
		197095C41252D2CF00EA055B /* WebView.xib in Resources */ = {isa = PBXBuildFile; fileRef = 197095C21252D2CF00EA055B /* WebView.xib */; };
		19F72DCC1262B4A400893A1F /* Default.png in Resources */ = {isa = PBXBuildFile; fileRef = 19F72DCB1262B4A400893A1F /* Default.png */; };
		1D3623260D0F684500981E51 /* openaustraliasearchAppDelegate.m in Sources */ = {isa = PBXBuildFile; fileRef = 1D3623250D0F684500981E51 /* openaustraliasearchAppDelegate.m */; };
		1D60589B0D05DD56006BFB54 /* main.m in Sources */ = {isa = PBXBuildFile; fileRef = 29B97316FDCFA39411CA2CEA /* main.m */; };
		1D60589F0D05DD5A006BFB54 /* Foundation.framework in Frameworks */ = {isa = PBXBuildFile; fileRef = 1D30AB110D05D00D00671497 /* Foundation.framework */; };
		1DF5F4E00D08C38300B7A737 /* UIKit.framework in Frameworks */ = {isa = PBXBuildFile; fileRef = 1DF5F4DF0D08C38300B7A737 /* UIKit.framework */; };
		239491F8122478D600B31272 /* OAServiceController.m in Sources */ = {isa = PBXBuildFile; fileRef = 239491F7122478D600B31272 /* OAServiceController.m */; };
		239492651224819600B31272 /* libYAJLIPhone.a in Frameworks */ = {isa = PBXBuildFile; fileRef = 2394925C1224819500B31272 /* libYAJLIPhone.a */; };
		288765A50DF7441C002DB57D /* CoreGraphics.framework in Frameworks */ = {isa = PBXBuildFile; fileRef = 288765A40DF7441C002DB57D /* CoreGraphics.framework */; };
		2899E5220DE3E06400AC0155 /* openaustraliasearchViewController.xib in Resources */ = {isa = PBXBuildFile; fileRef = 2899E5210DE3E06400AC0155 /* openaustraliasearchViewController.xib */; };
		28AD733F0D9D9553002E5188 /* MainWindow.xib in Resources */ = {isa = PBXBuildFile; fileRef = 28AD733E0D9D9553002E5188 /* MainWindow.xib */; };
		28D7ACF80DDB3853001CB0EB /* openaustraliasearchViewController.m in Sources */ = {isa = PBXBuildFile; fileRef = 28D7ACF70DDB3853001CB0EB /* openaustraliasearchViewController.m */; };
/* End PBXBuildFile section */

/* Begin PBXFileReference section */
		190627321223669200CAD9D0 /* RepView.h */ = {isa = PBXFileReference; fileEncoding = 4; lastKnownFileType = sourcecode.c.h; path = RepView.h; sourceTree = "<group>"; };
		190627331223669200CAD9D0 /* RepView.m */ = {isa = PBXFileReference; fileEncoding = 4; lastKnownFileType = sourcecode.c.objc; path = RepView.m; sourceTree = "<group>"; };
		190627341223669200CAD9D0 /* RepView.xib */ = {isa = PBXFileReference; lastKnownFileType = file.xib; name = RepView.xib; path = Classes/RepView.xib; sourceTree = "<group>"; };
		190627491223691000CAD9D0 /* Search_HoR.h */ = {isa = PBXFileReference; fileEncoding = 4; lastKnownFileType = sourcecode.c.h; path = Search_HoR.h; sourceTree = "<group>"; };
		1906274A1223691000CAD9D0 /* Search_HoR.m */ = {isa = PBXFileReference; fileEncoding = 4; lastKnownFileType = sourcecode.c.objc; path = Search_HoR.m; sourceTree = "<group>"; };
		1906274B1223691000CAD9D0 /* Search_HoR.xib */ = {isa = PBXFileReference; lastKnownFileType = file.xib; name = Search_HoR.xib; path = Classes/Search_HoR.xib; sourceTree = "<group>"; };
		190627551223693D00CAD9D0 /* Search_Senate.h */ = {isa = PBXFileReference; fileEncoding = 4; lastKnownFileType = sourcecode.c.h; path = Search_Senate.h; sourceTree = "<group>"; };
		190627561223693D00CAD9D0 /* Search_Senate.m */ = {isa = PBXFileReference; fileEncoding = 4; lastKnownFileType = sourcecode.c.objc; path = Search_Senate.m; sourceTree = "<group>"; };
		190627571223693D00CAD9D0 /* Search_Senate.xib */ = {isa = PBXFileReference; lastKnownFileType = file.xib; name = Search_Senate.xib; path = Classes/Search_Senate.xib; sourceTree = "<group>"; };
		1906275A1223695000CAD9D0 /* Search_Hansard.h */ = {isa = PBXFileReference; fileEncoding = 4; lastKnownFileType = sourcecode.c.h; path = Search_Hansard.h; sourceTree = "<group>"; };
		1906275B1223695000CAD9D0 /* Search_Hansard.m */ = {isa = PBXFileReference; fileEncoding = 4; lastKnownFileType = sourcecode.c.objc; path = Search_Hansard.m; sourceTree = "<group>"; };
		1906275C1223695000CAD9D0 /* Search_Hansard.xib */ = {isa = PBXFileReference; lastKnownFileType = file.xib; name = Search_Hansard.xib; path = Classes/Search_Hansard.xib; sourceTree = "<group>"; };
		1906275F1223697200CAD9D0 /* RepObject.h */ = {isa = PBXFileReference; fileEncoding = 4; lastKnownFileType = sourcecode.c.h; path = RepObject.h; sourceTree = "<group>"; };
		190627601223697200CAD9D0 /* RepObject.m */ = {isa = PBXFileReference; fileEncoding = 4; lastKnownFileType = sourcecode.c.objc; path = RepObject.m; sourceTree = "<group>"; };
		19308F03125DE61A00549559 /* icon.png */ = {isa = PBXFileReference; lastKnownFileType = image.png; path = icon.png; sourceTree = "<group>"; };
		19308F23125DEFDE00549559 /* oa.png */ = {isa = PBXFileReference; lastKnownFileType = image.png; path = oa.png; sourceTree = "<group>"; };
		193CD85B125BDF5A002484D1 /* HansardObject.h */ = {isa = PBXFileReference; fileEncoding = 4; lastKnownFileType = sourcecode.c.h; path = HansardObject.h; sourceTree = "<group>"; };
		193CD85C125BDF5A002484D1 /* HansardObject.m */ = {isa = PBXFileReference; fileEncoding = 4; lastKnownFileType = sourcecode.c.objc; path = HansardObject.m; sourceTree = "<group>"; };
		19543476125198F900C89862 /* SenateServiceController.h */ = {isa = PBXFileReference; fileEncoding = 4; lastKnownFileType = sourcecode.c.h; path = SenateServiceController.h; sourceTree = "<group>"; };
		19543477125198F900C89862 /* SenateServiceController.m */ = {isa = PBXFileReference; fileEncoding = 4; lastKnownFileType = sourcecode.c.objc; path = SenateServiceController.m; sourceTree = "<group>"; };
		195C7DC5122CB4A200194292 /* MapKit.framework */ = {isa = PBXFileReference; lastKnownFileType = wrapper.framework; name = MapKit.framework; path = System/Library/Frameworks/MapKit.framework; sourceTree = SDKROOT; };
		19629F66122DE01A005E45E2 /* HansardView.h */ = {isa = PBXFileReference; fileEncoding = 4; lastKnownFileType = sourcecode.c.h; path = HansardView.h; sourceTree = "<group>"; };
		19629F67122DE01A005E45E2 /* HansardView.m */ = {isa = PBXFileReference; fileEncoding = 4; lastKnownFileType = sourcecode.c.objc; path = HansardView.m; sourceTree = "<group>"; };
		19629F68122DE01A005E45E2 /* HansardView.xib */ = {isa = PBXFileReference; lastKnownFileType = file.xib; name = HansardView.xib; path = Classes/HansardView.xib; sourceTree = "<group>"; };
		19629F7F122DE3F3005E45E2 /* HansardServiceController.h */ = {isa = PBXFileReference; fileEncoding = 4; lastKnownFileType = sourcecode.c.h; path = HansardServiceController.h; sourceTree = "<group>"; };
		19629F80122DE3F3005E45E2 /* HansardServiceController.m */ = {isa = PBXFileReference; fileEncoding = 4; lastKnownFileType = sourcecode.c.objc; path = HansardServiceController.m; sourceTree = "<group>"; };
		196F30FE126407BD0041CB76 /* Entitlements.plist */ = {isa = PBXFileReference; fileEncoding = 4; lastKnownFileType = text.plist.xml; path = Entitlements.plist; sourceTree = "<group>"; };
		1970957D1252B8B000EA055B /* CoreData.framework */ = {isa = PBXFileReference; lastKnownFileType = wrapper.framework; name = CoreData.framework; path = System/Library/Frameworks/CoreData.framework; sourceTree = SDKROOT; };
		197095BD1252BCE700EA055B /* openaustralia.xcdatamodel */ = {isa = PBXFileReference; fileEncoding = 4; lastKnownFileType = wrapper.xcdatamodel; path = openaustralia.xcdatamodel; sourceTree = "<group>"; };
		197095C01252D2CF00EA055B /* WebView.h */ = {isa = PBXFileReference; fileEncoding = 4; lastKnownFileType = sourcecode.c.h; path = WebView.h; sourceTree = "<group>"; };
		197095C11252D2CF00EA055B /* WebView.m */ = {isa = PBXFileReference; fileEncoding = 4; lastKnownFileType = sourcecode.c.objc; path = WebView.m; sourceTree = "<group>"; };
		197095C21252D2CF00EA055B /* WebView.xib */ = {isa = PBXFileReference; lastKnownFileType = file.xib; name = WebView.xib; path = Classes/WebView.xib; sourceTree = "<group>"; };
		19F72DCB1262B4A400893A1F /* Default.png */ = {isa = PBXFileReference; lastKnownFileType = image.png; path = Default.png; sourceTree = "<group>"; };
		1D30AB110D05D00D00671497 /* Foundation.framework */ = {isa = PBXFileReference; lastKnownFileType = wrapper.framework; name = Foundation.framework; path = System/Library/Frameworks/Foundation.framework; sourceTree = SDKROOT; };
		1D3623240D0F684500981E51 /* openaustraliasearchAppDelegate.h */ = {isa = PBXFileReference; fileEncoding = 4; lastKnownFileType = sourcecode.c.h; path = openaustraliasearchAppDelegate.h; sourceTree = "<group>"; };
		1D3623250D0F684500981E51 /* openaustraliasearchAppDelegate.m */ = {isa = PBXFileReference; fileEncoding = 4; lastKnownFileType = sourcecode.c.objc; path = openaustraliasearchAppDelegate.m; sourceTree = "<group>"; };
		1D6058910D05DD3D006BFB54 /* openaustraliasearch.app */ = {isa = PBXFileReference; explicitFileType = wrapper.application; includeInIndex = 0; path = openaustraliasearch.app; sourceTree = BUILT_PRODUCTS_DIR; };
		1DF5F4DF0D08C38300B7A737 /* UIKit.framework */ = {isa = PBXFileReference; lastKnownFileType = wrapper.framework; name = UIKit.framework; path = System/Library/Frameworks/UIKit.framework; sourceTree = SDKROOT; };
		239491F6122478D600B31272 /* OAServiceController.h */ = {isa = PBXFileReference; fileEncoding = 4; lastKnownFileType = sourcecode.c.h; path = OAServiceController.h; sourceTree = "<group>"; };
		239491F7122478D600B31272 /* OAServiceController.m */ = {isa = PBXFileReference; fileEncoding = 4; lastKnownFileType = sourcecode.c.objc; path = OAServiceController.m; sourceTree = "<group>"; };
		2394925C1224819500B31272 /* libYAJLIPhone.a */ = {isa = PBXFileReference; lastKnownFileType = archive.ar; path = libYAJLIPhone.a; sourceTree = "<group>"; };
		2394925D1224819500B31272 /* NSObject+YAJL.h */ = {isa = PBXFileReference; fileEncoding = 4; lastKnownFileType = sourcecode.c.h; path = "NSObject+YAJL.h"; sourceTree = "<group>"; };
		2394925E1224819600B31272 /* yajl_common.h */ = {isa = PBXFileReference; fileEncoding = 4; lastKnownFileType = sourcecode.c.h; path = yajl_common.h; sourceTree = "<group>"; };
		2394925F1224819600B31272 /* yajl_gen.h */ = {isa = PBXFileReference; fileEncoding = 4; lastKnownFileType = sourcecode.c.h; path = yajl_gen.h; sourceTree = "<group>"; };
		239492601224819600B31272 /* yajl_parse.h */ = {isa = PBXFileReference; fileEncoding = 4; lastKnownFileType = sourcecode.c.h; path = yajl_parse.h; sourceTree = "<group>"; };
		239492611224819600B31272 /* YAJL.h */ = {isa = PBXFileReference; fileEncoding = 4; lastKnownFileType = sourcecode.c.h; path = YAJL.h; sourceTree = "<group>"; };
		239492621224819600B31272 /* YAJLDocument.h */ = {isa = PBXFileReference; fileEncoding = 4; lastKnownFileType = sourcecode.c.h; path = YAJLDocument.h; sourceTree = "<group>"; };
		239492631224819600B31272 /* YAJLGen.h */ = {isa = PBXFileReference; fileEncoding = 4; lastKnownFileType = sourcecode.c.h; path = YAJLGen.h; sourceTree = "<group>"; };
		239492641224819600B31272 /* YAJLParser.h */ = {isa = PBXFileReference; fileEncoding = 4; lastKnownFileType = sourcecode.c.h; path = YAJLParser.h; sourceTree = "<group>"; };
		288765A40DF7441C002DB57D /* CoreGraphics.framework */ = {isa = PBXFileReference; lastKnownFileType = wrapper.framework; name = CoreGraphics.framework; path = System/Library/Frameworks/CoreGraphics.framework; sourceTree = SDKROOT; };
		2899E5210DE3E06400AC0155 /* openaustraliasearchViewController.xib */ = {isa = PBXFileReference; lastKnownFileType = file.xib; path = openaustraliasearchViewController.xib; sourceTree = "<group>"; };
		28AD733E0D9D9553002E5188 /* MainWindow.xib */ = {isa = PBXFileReference; lastKnownFileType = file.xib; path = MainWindow.xib; sourceTree = "<group>"; };
		28D7ACF60DDB3853001CB0EB /* openaustraliasearchViewController.h */ = {isa = PBXFileReference; fileEncoding = 4; lastKnownFileType = sourcecode.c.h; path = openaustraliasearchViewController.h; sourceTree = "<group>"; };
		28D7ACF70DDB3853001CB0EB /* openaustraliasearchViewController.m */ = {isa = PBXFileReference; fileEncoding = 4; lastKnownFileType = sourcecode.c.objc; path = openaustraliasearchViewController.m; sourceTree = "<group>"; };
		29B97316FDCFA39411CA2CEA /* main.m */ = {isa = PBXFileReference; fileEncoding = 4; lastKnownFileType = sourcecode.c.objc; path = main.m; sourceTree = "<group>"; };
		32CA4F630368D1EE00C91783 /* openaustraliasearch_Prefix.pch */ = {isa = PBXFileReference; fileEncoding = 4; lastKnownFileType = sourcecode.c.h; path = openaustraliasearch_Prefix.pch; sourceTree = "<group>"; };
		8D1107310486CEB800E47090 /* openaustraliasearch-Info.plist */ = {isa = PBXFileReference; fileEncoding = 4; lastKnownFileType = text.plist.xml; path = "openaustraliasearch-Info.plist"; plistStructureDefinitionIdentifier = "com.apple.xcode.plist.structure-definition.iphone.info-plist"; sourceTree = "<group>"; };
/* End PBXFileReference section */

/* Begin PBXFrameworksBuildPhase section */
		1D60588F0D05DD3D006BFB54 /* Frameworks */ = {
			isa = PBXFrameworksBuildPhase;
			buildActionMask = 2147483647;
			files = (
				1D60589F0D05DD5A006BFB54 /* Foundation.framework in Frameworks */,
				1DF5F4E00D08C38300B7A737 /* UIKit.framework in Frameworks */,
				288765A50DF7441C002DB57D /* CoreGraphics.framework in Frameworks */,
				239492651224819600B31272 /* libYAJLIPhone.a in Frameworks */,
				195C7DC6122CB4A200194292 /* MapKit.framework in Frameworks */,
				1970957E1252B8B000EA055B /* CoreData.framework in Frameworks */,
			);
			runOnlyForDeploymentPostprocessing = 0;
		};
/* End PBXFrameworksBuildPhase section */

/* Begin PBXGroup section */
		080E96DDFE201D6D7F000001 /* Classes */ = {
			isa = PBXGroup;
			children = (
				2394925B1224819500B31272 /* yajl-0.2.19 */,
				239491F41224785700B31272 /* Services */,
				1D3623240D0F684500981E51 /* openaustraliasearchAppDelegate.h */,
				1D3623250D0F684500981E51 /* openaustraliasearchAppDelegate.m */,
				28D7ACF60DDB3853001CB0EB /* openaustraliasearchViewController.h */,
				28D7ACF70DDB3853001CB0EB /* openaustraliasearchViewController.m */,
				190627321223669200CAD9D0 /* RepView.h */,
				190627331223669200CAD9D0 /* RepView.m */,
				190627491223691000CAD9D0 /* Search_HoR.h */,
				1906274A1223691000CAD9D0 /* Search_HoR.m */,
				190627551223693D00CAD9D0 /* Search_Senate.h */,
				190627561223693D00CAD9D0 /* Search_Senate.m */,
				1906275A1223695000CAD9D0 /* Search_Hansard.h */,
				1906275B1223695000CAD9D0 /* Search_Hansard.m */,
				1906275F1223697200CAD9D0 /* RepObject.h */,
				190627601223697200CAD9D0 /* RepObject.m */,
				19629F66122DE01A005E45E2 /* HansardView.h */,
				19629F67122DE01A005E45E2 /* HansardView.m */,
				197095C01252D2CF00EA055B /* WebView.h */,
				197095C11252D2CF00EA055B /* WebView.m */,
				193CD85B125BDF5A002484D1 /* HansardObject.h */,
				193CD85C125BDF5A002484D1 /* HansardObject.m */,
			);
			path = Classes;
			sourceTree = "<group>";
		};
		19C28FACFE9D520D11CA2CBB /* Products */ = {
			isa = PBXGroup;
			children = (
				1D6058910D05DD3D006BFB54 /* openaustraliasearch.app */,
			);
			name = Products;
			sourceTree = "<group>";
		};
		239491F41224785700B31272 /* Services */ = {
			isa = PBXGroup;
			children = (
				239491F6122478D600B31272 /* OAServiceController.h */,
				239491F7122478D600B31272 /* OAServiceController.m */,
				19629F7F122DE3F3005E45E2 /* HansardServiceController.h */,
				19629F80122DE3F3005E45E2 /* HansardServiceController.m */,
				19543476125198F900C89862 /* SenateServiceController.h */,
				19543477125198F900C89862 /* SenateServiceController.m */,
			);
			name = Services;
			sourceTree = "<group>";
		};
		2394925B1224819500B31272 /* yajl-0.2.19 */ = {
			isa = PBXGroup;
			children = (
				2394925C1224819500B31272 /* libYAJLIPhone.a */,
				2394925D1224819500B31272 /* NSObject+YAJL.h */,
				2394925E1224819600B31272 /* yajl_common.h */,
				2394925F1224819600B31272 /* yajl_gen.h */,
				239492601224819600B31272 /* yajl_parse.h */,
				239492611224819600B31272 /* YAJL.h */,
				239492621224819600B31272 /* YAJLDocument.h */,
				239492631224819600B31272 /* YAJLGen.h */,
				239492641224819600B31272 /* YAJLParser.h */,
			);
			name = "yajl-0.2.19";
			sourceTree = "<group>";
		};
		29B97314FDCFA39411CA2CEA /* CustomTemplate */ = {
			isa = PBXGroup;
			children = (
				080E96DDFE201D6D7F000001 /* Classes */,
				29B97315FDCFA39411CA2CEA /* Other Sources */,
				29B97317FDCFA39411CA2CEA /* Resources */,
				29B97323FDCFA39411CA2CEA /* Frameworks */,
				19C28FACFE9D520D11CA2CBB /* Products */,
				195C7DC5122CB4A200194292 /* MapKit.framework */,
				1970957D1252B8B000EA055B /* CoreData.framework */,
				197095BD1252BCE700EA055B /* openaustralia.xcdatamodel */,
				196F30FE126407BD0041CB76 /* Entitlements.plist */,
			);
			name = CustomTemplate;
			sourceTree = "<group>";
		};
		29B97315FDCFA39411CA2CEA /* Other Sources */ = {
			isa = PBXGroup;
			children = (
				32CA4F630368D1EE00C91783 /* openaustraliasearch_Prefix.pch */,
				29B97316FDCFA39411CA2CEA /* main.m */,
			);
			name = "Other Sources";
			sourceTree = "<group>";
		};
		29B97317FDCFA39411CA2CEA /* Resources */ = {
			isa = PBXGroup;
			children = (
				19308F23125DEFDE00549559 /* oa.png */,
				19F72DCB1262B4A400893A1F /* Default.png */,
				19308F03125DE61A00549559 /* icon.png */,
				1906275C1223695000CAD9D0 /* Search_Hansard.xib */,
				190627571223693D00CAD9D0 /* Search_Senate.xib */,
				197095C21252D2CF00EA055B /* WebView.xib */,
				19629F68122DE01A005E45E2 /* HansardView.xib */,
				1906274B1223691000CAD9D0 /* Search_HoR.xib */,
				190627341223669200CAD9D0 /* RepView.xib */,
				2899E5210DE3E06400AC0155 /* openaustraliasearchViewController.xib */,
				28AD733E0D9D9553002E5188 /* MainWindow.xib */,
				8D1107310486CEB800E47090 /* openaustraliasearch-Info.plist */,
			);
			name = Resources;
			sourceTree = "<group>";
		};
		29B97323FDCFA39411CA2CEA /* Frameworks */ = {
			isa = PBXGroup;
			children = (
				1DF5F4DF0D08C38300B7A737 /* UIKit.framework */,
				1D30AB110D05D00D00671497 /* Foundation.framework */,
				288765A40DF7441C002DB57D /* CoreGraphics.framework */,
			);
			name = Frameworks;
			sourceTree = "<group>";
		};
/* End PBXGroup section */

/* Begin PBXNativeTarget section */
		1D6058900D05DD3D006BFB54 /* openaustraliasearch */ = {
			isa = PBXNativeTarget;
			buildConfigurationList = 1D6058960D05DD3E006BFB54 /* Build configuration list for PBXNativeTarget "openaustraliasearch" */;
			buildPhases = (
				1D60588D0D05DD3D006BFB54 /* Resources */,
				1D60588E0D05DD3D006BFB54 /* Sources */,
				1D60588F0D05DD3D006BFB54 /* Frameworks */,
			);
			buildRules = (
			);
			dependencies = (
			);
			name = openaustraliasearch;
			productName = openaustraliasearch;
			productReference = 1D6058910D05DD3D006BFB54 /* openaustraliasearch.app */;
			productType = "com.apple.product-type.application";
		};
/* End PBXNativeTarget section */

/* Begin PBXProject section */
		29B97313FDCFA39411CA2CEA /* Project object */ = {
			isa = PBXProject;
			attributes = {
				ORGANIZATIONNAME = "James Purser";
			};
			buildConfigurationList = C01FCF4E08A954540054247B /* Build configuration list for PBXProject "openaustraliasearch" */;
			compatibilityVersion = "Xcode 3.1";
			developmentRegion = English;
			hasScannedForEncodings = 1;
			knownRegions = (
				English,
				Japanese,
				French,
				German,
			);
			mainGroup = 29B97314FDCFA39411CA2CEA /* CustomTemplate */;
			projectDirPath = "";
			projectRoot = "";
			targets = (
				1D6058900D05DD3D006BFB54 /* openaustraliasearch */,
			);
		};
/* End PBXProject section */

/* Begin PBXResourcesBuildPhase section */
		1D60588D0D05DD3D006BFB54 /* Resources */ = {
			isa = PBXResourcesBuildPhase;
			buildActionMask = 2147483647;
			files = (
				28AD733F0D9D9553002E5188 /* MainWindow.xib in Resources */,
				2899E5220DE3E06400AC0155 /* openaustraliasearchViewController.xib in Resources */,
				190627361223669200CAD9D0 /* RepView.xib in Resources */,
				1906274D1223691000CAD9D0 /* Search_HoR.xib in Resources */,
				190627591223693D00CAD9D0 /* Search_Senate.xib in Resources */,
				1906275E1223695000CAD9D0 /* Search_Hansard.xib in Resources */,
				19629F6A122DE01A005E45E2 /* HansardView.xib in Resources */,
				197095C41252D2CF00EA055B /* WebView.xib in Resources */,
				19308F04125DE61A00549559 /* icon.png in Resources */,
				19308F24125DEFDE00549559 /* oa.png in Resources */,
				19F72DCC1262B4A400893A1F /* Default.png in Resources */,
			);
			runOnlyForDeploymentPostprocessing = 0;
		};
/* End PBXResourcesBuildPhase section */

/* Begin PBXSourcesBuildPhase section */
		1D60588E0D05DD3D006BFB54 /* Sources */ = {
			isa = PBXSourcesBuildPhase;
			buildActionMask = 2147483647;
			files = (
				1D60589B0D05DD56006BFB54 /* main.m in Sources */,
				1D3623260D0F684500981E51 /* openaustraliasearchAppDelegate.m in Sources */,
				28D7ACF80DDB3853001CB0EB /* openaustraliasearchViewController.m in Sources */,
				190627351223669200CAD9D0 /* RepView.m in Sources */,
				1906274C1223691000CAD9D0 /* Search_HoR.m in Sources */,
				190627581223693D00CAD9D0 /* Search_Senate.m in Sources */,
				1906275D1223695000CAD9D0 /* Search_Hansard.m in Sources */,
				190627611223697200CAD9D0 /* RepObject.m in Sources */,
				239491F8122478D600B31272 /* OAServiceController.m in Sources */,
				19629F69122DE01A005E45E2 /* HansardView.m in Sources */,
				19629F81122DE3F3005E45E2 /* HansardServiceController.m in Sources */,
				19543478125198F900C89862 /* SenateServiceController.m in Sources */,
				197095BE1252BCE700EA055B /* openaustralia.xcdatamodel in Sources */,
				197095C31252D2CF00EA055B /* WebView.m in Sources */,
				193CD85D125BDF5A002484D1 /* HansardObject.m in Sources */,
			);
			runOnlyForDeploymentPostprocessing = 0;
		};
/* End PBXSourcesBuildPhase section */

/* Begin XCBuildConfiguration section */
		196F30FC126406610041CB76 /* Distribution */ = {
			isa = XCBuildConfiguration;
			buildSettings = {
				ARCHS = "$(ARCHS_STANDARD_32_BIT)";
				"CODE_SIGN_IDENTITY[sdk=iphoneos*]" = "iPhone Developer";
				GCC_C_LANGUAGE_STANDARD = c99;
				GCC_WARN_ABOUT_RETURN_TYPE = YES;
				GCC_WARN_UNUSED_VARIABLE = YES;
				OTHER_CFLAGS = "-DNS_BLOCK_ASSERTIONS=1";
				PREBINDING = NO;
				SDKROOT = iphoneos4.1;
			};
			name = Distribution;
		};
		196F30FD126406610041CB76 /* Distribution */ = {
			isa = XCBuildConfiguration;
			buildSettings = {
				ALWAYS_SEARCH_USER_PATHS = NO;
				CODE_SIGN_ENTITLEMENTS = "~/Documents/openaustraliasearch/Entitlements.plist";
				CODE_SIGN_IDENTITY = "iPhone Distribution: James Purser";
				"CODE_SIGN_IDENTITY[sdk=iphoneos*]" = "iPhone Distribution: James Purser";
				COPY_PHASE_STRIP = YES;
				GCC_PRECOMPILE_PREFIX_HEADER = YES;
				GCC_PREFIX_HEADER = openaustraliasearch_Prefix.pch;
				INFOPLIST_FILE = "openaustraliasearch-Info.plist";
				LIBRARY_SEARCH_PATHS = (
					"$(inherited)",
					"\"$(SRCROOT)/Classes\"",
				);
				OTHER_LDFLAGS = (
					"-all_load",
					"-ObjC",
				);
				PRODUCT_NAME = openaustraliasearch;
				VALIDATE_PRODUCT = YES;
			};
			name = Distribution;
		};
		1D6058940D05DD3E006BFB54 /* Debug */ = {
			isa = XCBuildConfiguration;
			buildSettings = {
				ALWAYS_SEARCH_USER_PATHS = NO;
				CODE_SIGN_ENTITLEMENTS = "~/Documents/openaustraliasearch/Entitlements.plist";
				COPY_PHASE_STRIP = NO;
				GCC_DYNAMIC_NO_PIC = NO;
				GCC_OPTIMIZATION_LEVEL = 0;
				GCC_PRECOMPILE_PREFIX_HEADER = YES;
				GCC_PREFIX_HEADER = openaustraliasearch_Prefix.pch;
				INFOPLIST_FILE = "openaustraliasearch-Info.plist";
				LIBRARY_SEARCH_PATHS = (
					"$(inherited)",
					"\"$(SRCROOT)/Classes\"",
				);
				OTHER_LDFLAGS = (
					"-all_load",
					"-ObjC",
				);
				PRODUCT_NAME = openaustraliasearch;
			};
			name = Debug;
		};
		1D6058950D05DD3E006BFB54 /* Release */ = {
			isa = XCBuildConfiguration;
			buildSettings = {
				ALWAYS_SEARCH_USER_PATHS = NO;
				CODE_SIGN_ENTITLEMENTS = "~/Documents/openaustraliasearch/Entitlements.plist";
				COPY_PHASE_STRIP = YES;
				GCC_PRECOMPILE_PREFIX_HEADER = YES;
				GCC_PREFIX_HEADER = openaustraliasearch_Prefix.pch;
				INFOPLIST_FILE = "openaustraliasearch-Info.plist";
				LIBRARY_SEARCH_PATHS = (
					"$(inherited)",
					"\"$(SRCROOT)/Classes\"",
				);
				OTHER_LDFLAGS = (
					"-all_load",
					"-ObjC",
				);
				PRODUCT_NAME = openaustraliasearch;
				VALIDATE_PRODUCT = YES;
			};
			name = Release;
		};
		C01FCF4F08A954540054247B /* Debug */ = {
			isa = XCBuildConfiguration;
			buildSettings = {
				ARCHS = "$(ARCHS_STANDARD_32_BIT)";
				"CODE_SIGN_IDENTITY[sdk=iphoneos*]" = "iPhone Developer";
				GCC_C_LANGUAGE_STANDARD = c99;
				GCC_WARN_ABOUT_RETURN_TYPE = YES;
				GCC_WARN_UNUSED_VARIABLE = YES;
				PREBINDING = NO;
				SDKROOT = iphoneos4.1;
			};
			name = Debug;
		};
		C01FCF5008A954540054247B /* Release */ = {
			isa = XCBuildConfiguration;
			buildSettings = {
				ARCHS = "$(ARCHS_STANDARD_32_BIT)";
				"CODE_SIGN_IDENTITY[sdk=iphoneos*]" = "iPhone Developer";
				GCC_C_LANGUAGE_STANDARD = c99;
				GCC_WARN_ABOUT_RETURN_TYPE = YES;
				GCC_WARN_UNUSED_VARIABLE = YES;
				OTHER_CFLAGS = "-DNS_BLOCK_ASSERTIONS=1";
				PREBINDING = NO;
				SDKROOT = iphoneos4.0;
			};
			name = Release;
		};
/* End XCBuildConfiguration section */

/* Begin XCConfigurationList section */
		1D6058960D05DD3E006BFB54 /* Build configuration list for PBXNativeTarget "openaustraliasearch" */ = {
			isa = XCConfigurationList;
			buildConfigurations = (
				1D6058940D05DD3E006BFB54 /* Debug */,
				1D6058950D05DD3E006BFB54 /* Release */,
				196F30FD126406610041CB76 /* Distribution */,
			);
			defaultConfigurationIsVisible = 0;
			defaultConfigurationName = Distribution;
		};
		C01FCF4E08A954540054247B /* Build configuration list for PBXProject "openaustraliasearch" */ = {
			isa = XCConfigurationList;
			buildConfigurations = (
				C01FCF4F08A954540054247B /* Debug */,
				C01FCF5008A954540054247B /* Release */,
				196F30FC126406610041CB76 /* Distribution */,
			);
			defaultConfigurationIsVisible = 0;
			defaultConfigurationName = Distribution;
		};
/* End XCConfigurationList section */
	};
	rootObject = 29B97313FDCFA39411CA2CEA /* Project object */;
}
